
Microsoft Visual Studio Solution File, Format Version 12.00
# Visual Studio Version 17
VisualStudioVersion = 17.13.35828.75 d17.13
MinimumVisualStudioVersion = 10.0.40219.1
Project("{FAE04EC0-301F-11D3-BF4B-00C04F79EFBC}") = "ShareU4", "ShareU4\ShareU4.csproj", "{5AAE6D6E-C624-43DB-9DDA-6377B88A4FA5}"
EndProject
Global
	GlobalSection(SolutionConfigurationPlatforms) = preSolution
		Debug|Any CPU = Debug|Any CPU
		Release|Any CPU = Release|Any CPU
	EndGlobalSection
	GlobalSection(ProjectConfigurationPlatforms) = postSolution
		{5AAE6D6E-C624-43DB-9DDA-6377B88A4FA5}.Debug|Any CPU.ActiveCfg = Debug|Any CPU
		{5AAE6D6E-C624-43DB-9DDA-6377B88A4FA5}.Debug|Any CPU.Build.0 = Debug|Any CPU
		{5AAE6D6E-C624-43DB-9DDA-6377B88A4FA5}.Release|Any CPU.ActiveCfg = Release|Any CPU
		{5AAE6D6E-C624-43DB-9DDA-6377B88A4FA5}.Release|Any CPU.Build.0 = Release|Any CPU
	EndGlobalSection
	GlobalSection(SolutionProperties) = preSolution
		HideSolutionNode = FALSE
	EndGlobalSection
	GlobalSection(ExtensibilityGlobals) = postSolution
		SolutionGuid = {D4EB2362-9223-4F4E-B60C-19A5453C10E1}
	EndGlobalSection
EndGlobal
